
Microsoft Visual Studio Solution File, Format Version 12.00
# Visual Studio 15
VisualStudioVersion = 15.0.28307.106
MinimumVisualStudioVersion = 10.0.40219.1
Project("{FAE04EC0-301F-11D3-BF4B-00C04F79EFBC}") = "MaxDoubleSlice", "MaxDoubleSlice\MaxDoubleSlice.csproj", "{18DD7FA8-5FBE-4BFA-BE4B-8E42D9CA48DD}"
EndProject
Global
	GlobalSection(SolutionConfigurationPlatforms) = preSolution
		Debug|Any CPU = Debug|Any CPU
		Release|Any CPU = Release|Any CPU
	EndGlobalSection
	GlobalSection(ProjectConfigurationPlatforms) = postSolution
		{18DD7FA8-5FBE-4BFA-BE4B-8E42D9CA48DD}.Debug|Any CPU.ActiveCfg = Debug|Any CPU
		{18DD7FA8-5FBE-4BFA-BE4B-8E42D9CA48DD}.Debug|Any CPU.Build.0 = Debug|Any CPU
		{18DD7FA8-5FBE-4BFA-BE4B-8E42D9CA48DD}.Release|Any CPU.ActiveCfg = Release|Any CPU
		{18DD7FA8-5FBE-4BFA-BE4B-8E42D9CA48DD}.Release|Any CPU.Build.0 = Release|Any CPU
	EndGlobalSection
	GlobalSection(SolutionProperties) = preSolution
		HideSolutionNode = FALSE
	EndGlobalSection
	GlobalSection(ExtensibilityGlobals) = postSolution
		SolutionGuid = {7BE5C41B-9F19-4D7C-9493-F71A81976827}
	EndGlobalSection
EndGlobal
